
Microsoft Visual Studio Solution File, Format Version 12.00
# Visual Studio 15
Project("{FAE04EC0-301F-11D3-BF4B-00C04F79EFBC}") = "Assembly-CSharp", "Assembly-CSharp.csproj", "{D43D7DF5-A35D-4B8E-FD68-645A789D3AAE}"
EndProject
Global
	GlobalSection(SolutionConfigurationPlatforms) = preSolution
		Debug|Any CPU = Debug|Any CPU
		Release|Any CPU = Release|Any CPU
	EndGlobalSection
	GlobalSection(ProjectConfigurationPlatforms) = postSolution
		{D43D7DF5-A35D-4B8E-FD68-645A789D3AAE}.Debug|Any CPU.ActiveCfg = Debug|Any CPU
		{D43D7DF5-A35D-4B8E-FD68-645A789D3AAE}.Debug|Any CPU.Build.0 = Debug|Any CPU
		{D43D7DF5-A35D-4B8E-FD68-645A789D3AAE}.Release|Any CPU.ActiveCfg = Release|Any CPU
		{D43D7DF5-A35D-4B8E-FD68-645A789D3AAE}.Release|Any CPU.Build.0 = Release|Any CPU
	EndGlobalSection
	GlobalSection(SolutionProperties) = preSolution
		HideSolutionNode = FALSE
	EndGlobalSection
EndGlobal
